
Microsoft Visual Studio Solution File, Format Version 12.00
# Visual Studio Version 17
VisualStudioVersion = 17.8.34309.116
MinimumVisualStudioVersion = 10.0.40219.1
Project("{FAE04EC0-301F-11D3-BF4B-00C04F79EFBC}") = "Snake.Client", "Snake.Client\Snake.Client.csproj", "{3D061177-FEE4-4763-9293-52A907CA2396}"
EndProject
Project("{FAE04EC0-301F-11D3-BF4B-00C04F79EFBC}") = "Snake.Server", "Snake.Server\Snake.Server.csproj", "{BD840BD1-6111-41CD-90D8-D4DC70D29DA7}"
EndProject
Project("{FAE04EC0-301F-11D3-BF4B-00C04F79EFBC}") = "Snake.Common", "Snake.Common\Snake.Common.csproj", "{DA9956D9-128C-494C-A905-F61B84193E20}"
EndProject
Global
	GlobalSection(SolutionConfigurationPlatforms) = preSolution
		Debug|Any CPU = Debug|Any CPU
		Release|Any CPU = Release|Any CPU
	EndGlobalSection
	GlobalSection(ProjectConfigurationPlatforms) = postSolution
		{3D061177-FEE4-4763-9293-52A907CA2396}.Debug|Any CPU.ActiveCfg = Debug|Any CPU
		{3D061177-FEE4-4763-9293-52A907CA2396}.Debug|Any CPU.Build.0 = Debug|Any CPU
		{3D061177-FEE4-4763-9293-52A907CA2396}.Release|Any CPU.ActiveCfg = Release|Any CPU
		{3D061177-FEE4-4763-9293-52A907CA2396}.Release|Any CPU.Build.0 = Release|Any CPU
		{BD840BD1-6111-41CD-90D8-D4DC70D29DA7}.Debug|Any CPU.ActiveCfg = Debug|Any CPU
		{BD840BD1-6111-41CD-90D8-D4DC70D29DA7}.Debug|Any CPU.Build.0 = Debug|Any CPU
		{BD840BD1-6111-41CD-90D8-D4DC70D29DA7}.Release|Any CPU.ActiveCfg = Release|Any CPU
		{BD840BD1-6111-41CD-90D8-D4DC70D29DA7}.Release|Any CPU.Build.0 = Release|Any CPU
		{DA9956D9-128C-494C-A905-F61B84193E20}.Debug|Any CPU.ActiveCfg = Debug|Any CPU
		{DA9956D9-128C-494C-A905-F61B84193E20}.Debug|Any CPU.Build.0 = Debug|Any CPU
		{DA9956D9-128C-494C-A905-F61B84193E20}.Release|Any CPU.ActiveCfg = Release|Any CPU
		{DA9956D9-128C-494C-A905-F61B84193E20}.Release|Any CPU.Build.0 = Release|Any CPU
	EndGlobalSection
	GlobalSection(SolutionProperties) = preSolution
		HideSolutionNode = FALSE
	EndGlobalSection
	GlobalSection(ExtensibilityGlobals) = postSolution
		SolutionGuid = {6958C27B-31A0-4E48-AAC8-6864436DA7DF}
	EndGlobalSection
EndGlobal
